// !$*UTF8*$!
{
	archiveVersion = 1;
	classes = {
	};
	objectVersion = 55;
	objects = {

/* Begin PBXBuildFile section */
		98409CAE27912CF0002388D2 /* AdminMainPage.storyboard in Resources */ = {isa = PBXBuildFile; fileRef = 98409CAD27912CF0002388D2 /* AdminMainPage.storyboard */; };
		98409CB027912D27002388D2 /* AdminMainPageTableViewController.swift in Sources */ = {isa = PBXBuildFile; fileRef = 98409CAF27912D27002388D2 /* AdminMainPageTableViewController.swift */; };
		989CA76B27910D270043AB81 /* AppDelegate.swift in Sources */ = {isa = PBXBuildFile; fileRef = 989CA76A27910D270043AB81 /* AppDelegate.swift */; };
		989CA76D27910D270043AB81 /* SceneDelegate.swift in Sources */ = {isa = PBXBuildFile; fileRef = 989CA76C27910D270043AB81 /* SceneDelegate.swift */; };
		989CA76F27910D270043AB81 /* ViewController.swift in Sources */ = {isa = PBXBuildFile; fileRef = 989CA76E27910D270043AB81 /* ViewController.swift */; };
		989CA77227910D270043AB81 /* Main.storyboard in Resources */ = {isa = PBXBuildFile; fileRef = 989CA77027910D270043AB81 /* Main.storyboard */; };
		989CA77427910D290043AB81 /* Assets.xcassets in Resources */ = {isa = PBXBuildFile; fileRef = 989CA77327910D290043AB81 /* Assets.xcassets */; };
		989CA77727910D290043AB81 /* LaunchScreen.storyboard in Resources */ = {isa = PBXBuildFile; fileRef = 989CA77527910D290043AB81 /* LaunchScreen.storyboard */; };
		989CA77F27910E740043AB81 /* SignUpViewController.swift in Sources */ = {isa = PBXBuildFile; fileRef = 989CA77E27910E740043AB81 /* SignUpViewController.swift */; };
		989CA783279118050043AB81 /* BaseRequest.swift in Sources */ = {isa = PBXBuildFile; fileRef = 989CA782279118050043AB81 /* BaseRequest.swift */; };
		989CA7852791183A0043AB81 /* APIRequest.swift in Sources */ = {isa = PBXBuildFile; fileRef = 989CA7842791183A0043AB81 /* APIRequest.swift */; };
		989CA788279118FF0043AB81 /* APIDataModel.swift in Sources */ = {isa = PBXBuildFile; fileRef = 989CA787279118FF0043AB81 /* APIDataModel.swift */; };
		989CA78B27911A390043AB81 /* DataManager.swift in Sources */ = {isa = PBXBuildFile; fileRef = 989CA78A27911A390043AB81 /* DataManager.swift */; };
		989CA794279123510043AB81 /* UserData.swift in Sources */ = {isa = PBXBuildFile; fileRef = 989CA793279123510043AB81 /* UserData.swift */; };
/* End PBXBuildFile section */

/* Begin PBXFileReference section */
		98409CAD27912CF0002388D2 /* AdminMainPage.storyboard */ = {isa = PBXFileReference; lastKnownFileType = file.storyboard; path = AdminMainPage.storyboard; sourceTree = "<group>"; };
		98409CAF27912D27002388D2 /* AdminMainPageTableViewController.swift */ = {isa = PBXFileReference; lastKnownFileType = sourcecode.swift; path = AdminMainPageTableViewController.swift; sourceTree = "<group>"; };
		989CA76727910D270043AB81 /* midasJayaTest.app */ = {isa = PBXFileReference; explicitFileType = wrapper.application; includeInIndex = 0; path = midasJayaTest.app; sourceTree = BUILT_PRODUCTS_DIR; };
		989CA76A27910D270043AB81 /* AppDelegate.swift */ = {isa = PBXFileReference; lastKnownFileType = sourcecode.swift; path = AppDelegate.swift; sourceTree = "<group>"; };
		989CA76C27910D270043AB81 /* SceneDelegate.swift */ = {isa = PBXFileReference; lastKnownFileType = sourcecode.swift; path = SceneDelegate.swift; sourceTree = "<group>"; };
		989CA76E27910D270043AB81 /* ViewController.swift */ = {isa = PBXFileReference; lastKnownFileType = sourcecode.swift; path = ViewController.swift; sourceTree = "<group>"; };
		989CA77127910D270043AB81 /* Base */ = {isa = PBXFileReference; lastKnownFileType = file.storyboard; name = Base; path = Base.lproj/Main.storyboard; sourceTree = "<group>"; };
		989CA77327910D290043AB81 /* Assets.xcassets */ = {isa = PBXFileReference; lastKnownFileType = folder.assetcatalog; path = Assets.xcassets; sourceTree = "<group>"; };
		989CA77627910D290043AB81 /* Base */ = {isa = PBXFileReference; lastKnownFileType = file.storyboard; name = Base; path = Base.lproj/LaunchScreen.storyboard; sourceTree = "<group>"; };
		989CA77827910D290043AB81 /* Info.plist */ = {isa = PBXFileReference; lastKnownFileType = text.plist.xml; path = Info.plist; sourceTree = "<group>"; };
		989CA77E27910E740043AB81 /* SignUpViewController.swift */ = {isa = PBXFileReference; lastKnownFileType = sourcecode.swift; path = SignUpViewController.swift; sourceTree = "<group>"; };
		989CA782279118050043AB81 /* BaseRequest.swift */ = {isa = PBXFileReference; lastKnownFileType = sourcecode.swift; path = BaseRequest.swift; sourceTree = "<group>"; };
		989CA7842791183A0043AB81 /* APIRequest.swift */ = {isa = PBXFileReference; lastKnownFileType = sourcecode.swift; path = APIRequest.swift; sourceTree = "<group>"; };
		989CA787279118FF0043AB81 /* APIDataModel.swift */ = {isa = PBXFileReference; lastKnownFileType = sourcecode.swift; path = APIDataModel.swift; sourceTree = "<group>"; };
		989CA78A27911A390043AB81 /* DataManager.swift */ = {isa = PBXFileReference; lastKnownFileType = sourcecode.swift; path = DataManager.swift; sourceTree = "<group>"; };
		989CA793279123510043AB81 /* UserData.swift */ = {isa = PBXFileReference; lastKnownFileType = sourcecode.swift; path = UserData.swift; sourceTree = "<group>"; };
/* End PBXFileReference section */

/* Begin PBXFrameworksBuildPhase section */
		989CA76427910D270043AB81 /* Frameworks */ = {
			isa = PBXFrameworksBuildPhase;
			buildActionMask = 2147483647;
			files = (
			);
			runOnlyForDeploymentPostprocessing = 0;
		};
/* End PBXFrameworksBuildPhase section */

/* Begin PBXGroup section */
		989CA75E27910D270043AB81 = {
			isa = PBXGroup;
			children = (
				989CA76927910D270043AB81 /* midasJayaTest */,
				989CA76827910D270043AB81 /* Products */,
			);
			sourceTree = "<group>";
		};
		989CA76827910D270043AB81 /* Products */ = {
			isa = PBXGroup;
			children = (
				989CA76727910D270043AB81 /* midasJayaTest.app */,
			);
			name = Products;
			sourceTree = "<group>";
		};
		989CA76927910D270043AB81 /* midasJayaTest */ = {
			isa = PBXGroup;
			children = (
				989CA78C279122A80043AB81 /* Presentation */,
				989CA76A27910D270043AB81 /* AppDelegate.swift */,
				989CA76C27910D270043AB81 /* SceneDelegate.swift */,
				989CA786279118D10043AB81 /* Model */,
				989CA780279117D10043AB81 /* Helpers */,
				989CA77327910D290043AB81 /* Assets.xcassets */,
				989CA77527910D290043AB81 /* LaunchScreen.storyboard */,
				989CA77827910D290043AB81 /* Info.plist */,
			);
			path = midasJayaTest;
			sourceTree = "<group>";
		};
		989CA780279117D10043AB81 /* Helpers */ = {
			isa = PBXGroup;
			children = (
				989CA789279119FF0043AB81 /* DataManager */,
				989CA781279117DC0043AB81 /* Network */,
			);
			path = Helpers;
			sourceTree = "<group>";
		};
		989CA781279117DC0043AB81 /* Network */ = {
			isa = PBXGroup;
			children = (
				989CA782279118050043AB81 /* BaseRequest.swift */,
				989CA7842791183A0043AB81 /* APIRequest.swift */,
			);
			path = Network;
			sourceTree = "<group>";
		};
		989CA786279118D10043AB81 /* Model */ = {
			isa = PBXGroup;
			children = (
				989CA787279118FF0043AB81 /* APIDataModel.swift */,
				989CA793279123510043AB81 /* UserData.swift */,
			);
			path = Model;
			sourceTree = "<group>";
		};
		989CA789279119FF0043AB81 /* DataManager */ = {
			isa = PBXGroup;
			children = (
				989CA78A27911A390043AB81 /* DataManager.swift */,
			);
			path = DataManager;
			sourceTree = "<group>";
		};
		989CA78C279122A80043AB81 /* Presentation */ = {
			isa = PBXGroup;
			children = (
				989CA792279122FD0043AB81 /* AdminMainPage */,
				989CA790279122C20043AB81 /* UserMainPage */,
				989CA78E279122B40043AB81 /* SignUp */,
				989CA78D279122B00043AB81 /* Login */,
			);
			path = Presentation;
			sourceTree = "<group>";
		};
		989CA78D279122B00043AB81 /* Login */ = {
			isa = PBXGroup;
			children = (
				989CA76E27910D270043AB81 /* ViewController.swift */,
				989CA77027910D270043AB81 /* Main.storyboard */,
			);
			path = Login;
			sourceTree = "<group>";
		};
		989CA78E279122B40043AB81 /* SignUp */ = {
			isa = PBXGroup;
			children = (
				989CA77E27910E740043AB81 /* SignUpViewController.swift */,
			);
			path = SignUp;
			sourceTree = "<group>";
		};
		989CA790279122C20043AB81 /* UserMainPage */ = {
			isa = PBXGroup;
			children = (
			);
			path = UserMainPage;
			sourceTree = "<group>";
		};
		989CA792279122FD0043AB81 /* AdminMainPage */ = {
			isa = PBXGroup;
			children = (
				98409CAD27912CF0002388D2 /* AdminMainPage.storyboard */,
				98409CAF27912D27002388D2 /* AdminMainPageTableViewController.swift */,
			);
			path = AdminMainPage;
			sourceTree = "<group>";
		};
/* End PBXGroup section */

/* Begin PBXNativeTarget section */
		989CA76627910D270043AB81 /* midasJayaTest */ = {
			isa = PBXNativeTarget;
			buildConfigurationList = 989CA77B27910D290043AB81 /* Build configuration list for PBXNativeTarget "midasJayaTest" */;
			buildPhases = (
				989CA76327910D270043AB81 /* Sources */,
				989CA76427910D270043AB81 /* Frameworks */,
				989CA76527910D270043AB81 /* Resources */,
			);
			buildRules = (
			);
			dependencies = (
			);
			name = midasJayaTest;
			productName = midasJayaTest;
			productReference = 989CA76727910D270043AB81 /* midasJayaTest.app */;
			productType = "com.apple.product-type.application";
		};
/* End PBXNativeTarget section */

/* Begin PBXProject section */
		989CA75F27910D270043AB81 /* Project object */ = {
			isa = PBXProject;
			attributes = {
				BuildIndependentTargetsInParallel = 1;
				LastSwiftUpdateCheck = 1310;
				LastUpgradeCheck = 1310;
				TargetAttributes = {
					989CA76627910D270043AB81 = {
						CreatedOnToolsVersion = 13.1;
					};
				};
			};
			buildConfigurationList = 989CA76227910D270043AB81 /* Build configuration list for PBXProject "midasJayaTest" */;
			compatibilityVersion = "Xcode 13.0";
			developmentRegion = en;
			hasScannedForEncodings = 0;
			knownRegions = (
				en,
				Base,
			);
			mainGroup = 989CA75E27910D270043AB81;
			productRefGroup = 989CA76827910D270043AB81 /* Products */;
			projectDirPath = "";
			projectRoot = "";
			targets = (
				989CA76627910D270043AB81 /* midasJayaTest */,
			);
		};
/* End PBXProject section */

/* Begin PBXResourcesBuildPhase section */
		989CA76527910D270043AB81 /* Resources */ = {
			isa = PBXResourcesBuildPhase;
			buildActionMask = 2147483647;
			files = (
				989CA77727910D290043AB81 /* LaunchScreen.storyboard in Resources */,
				989CA77427910D290043AB81 /* Assets.xcassets in Resources */,
				98409CAE27912CF0002388D2 /* AdminMainPage.storyboard in Resources */,
				989CA77227910D270043AB81 /* Main.storyboard in Resources */,
			);
			runOnlyForDeploymentPostprocessing = 0;
		};
/* End PBXResourcesBuildPhase section */

/* Begin PBXSourcesBuildPhase section */
		989CA76327910D270043AB81 /* Sources */ = {
			isa = PBXSourcesBuildPhase;
			buildActionMask = 2147483647;
			files = (
				989CA783279118050043AB81 /* BaseRequest.swift in Sources */,
				98409CB027912D27002388D2 /* AdminMainPageTableViewController.swift in Sources */,
				989CA78B27911A390043AB81 /* DataManager.swift in Sources */,
				989CA76F27910D270043AB81 /* ViewController.swift in Sources */,
				989CA794279123510043AB81 /* UserData.swift in Sources */,
				989CA76B27910D270043AB81 /* AppDelegate.swift in Sources */,
				989CA77F27910E740043AB81 /* SignUpViewController.swift in Sources */,
				989CA7852791183A0043AB81 /* APIRequest.swift in Sources */,
				989CA76D27910D270043AB81 /* SceneDelegate.swift in Sources */,
				989CA788279118FF0043AB81 /* APIDataModel.swift in Sources */,
			);
			runOnlyForDeploymentPostprocessing = 0;
		};
/* End PBXSourcesBuildPhase section */

/* Begin PBXVariantGroup section */
		989CA77027910D270043AB81 /* Main.storyboard */ = {
			isa = PBXVariantGroup;
			children = (
				989CA77127910D270043AB81 /* Base */,
			);
			name = Main.storyboard;
			sourceTree = "<group>";
		};
		989CA77527910D290043AB81 /* LaunchScreen.storyboard */ = {
			isa = PBXVariantGroup;
			children = (
				989CA77627910D290043AB81 /* Base */,
			);
			name = LaunchScreen.storyboard;
			sourceTree = "<group>";
		};
/* End PBXVariantGroup section */

/* Begin XCBuildConfiguration section */
		989CA77927910D290043AB81 /* Debug */ = {
			isa = XCBuildConfiguration;
			buildSettings = {
				ALWAYS_SEARCH_USER_PATHS = NO;
				CLANG_ANALYZER_NONNULL = YES;
				CLANG_ANALYZER_NUMBER_OBJECT_CONVERSION = YES_AGGRESSIVE;
				CLANG_CXX_LANGUAGE_STANDARD = "gnu++17";
				CLANG_CXX_LIBRARY = "libc++";
				CLANG_ENABLE_MODULES = YES;
				CLANG_ENABLE_OBJC_ARC = YES;
				CLANG_ENABLE_OBJC_WEAK = YES;
				CLANG_WARN_BLOCK_CAPTURE_AUTORELEASING = YES;
				CLANG_WARN_BOOL_CONVERSION = YES;
				CLANG_WARN_COMMA = YES;
				CLANG_WARN_CONSTANT_CONVERSION = YES;
				CLANG_WARN_DEPRECATED_OBJC_IMPLEMENTATIONS = YES;
				CLANG_WARN_DIRECT_OBJC_ISA_USAGE = YES_ERROR;
				CLANG_WARN_DOCUMENTATION_COMMENTS = YES;
				CLANG_WARN_EMPTY_BODY = YES;
				CLANG_WARN_ENUM_CONVERSION = YES;
				CLANG_WARN_INFINITE_RECURSION = YES;
				CLANG_WARN_INT_CONVERSION = YES;
				CLANG_WARN_NON_LITERAL_NULL_CONVERSION = YES;
				CLANG_WARN_OBJC_IMPLICIT_RETAIN_SELF = YES;
				CLANG_WARN_OBJC_LITERAL_CONVERSION = YES;
				CLANG_WARN_OBJC_ROOT_CLASS = YES_ERROR;
				CLANG_WARN_QUOTED_INCLUDE_IN_FRAMEWORK_HEADER = YES;
				CLANG_WARN_RANGE_LOOP_ANALYSIS = YES;
				CLANG_WARN_STRICT_PROTOTYPES = YES;
				CLANG_WARN_SUSPICIOUS_MOVE = YES;
				CLANG_WARN_UNGUARDED_AVAILABILITY = YES_AGGRESSIVE;
				CLANG_WARN_UNREACHABLE_CODE = YES;
				CLANG_WARN__DUPLICATE_METHOD_MATCH = YES;
				COPY_PHASE_STRIP = NO;
				DEBUG_INFORMATION_FORMAT = dwarf;
				ENABLE_STRICT_OBJC_MSGSEND = YES;
				ENABLE_TESTABILITY = YES;
				GCC_C_LANGUAGE_STANDARD = gnu11;
				GCC_DYNAMIC_NO_PIC = NO;
				GCC_NO_COMMON_BLOCKS = YES;
				GCC_OPTIMIZATION_LEVEL = 0;
				GCC_PREPROCESSOR_DEFINITIONS = (
					"DEBUG=1",
					"$(inherited)",
				);
				GCC_WARN_64_TO_32_BIT_CONVERSION = YES;
				GCC_WARN_ABOUT_RETURN_TYPE = YES_ERROR;
				GCC_WARN_UNDECLARED_SELECTOR = YES;
				GCC_WARN_UNINITIALIZED_AUTOS = YES_AGGRESSIVE;
				GCC_WARN_UNUSED_FUNCTION = YES;
				GCC_WARN_UNUSED_VARIABLE = YES;
				IPHONEOS_DEPLOYMENT_TARGET = 15.0;
				MTL_ENABLE_DEBUG_INFO = INCLUDE_SOURCE;
				MTL_FAST_MATH = YES;
				ONLY_ACTIVE_ARCH = YES;
				SDKROOT = iphoneos;
				SWIFT_ACTIVE_COMPILATION_CONDITIONS = DEBUG;
				SWIFT_OPTIMIZATION_LEVEL = "-Onone";
			};
			name = Debug;
		};
		989CA77A27910D290043AB81 /* Release */ = {
			isa = XCBuildConfiguration;
			buildSettings = {
				ALWAYS_SEARCH_USER_PATHS = NO;
				CLANG_ANALYZER_NONNULL = YES;
				CLANG_ANALYZER_NUMBER_OBJECT_CONVERSION = YES_AGGRESSIVE;
				CLANG_CXX_LANGUAGE_STANDARD = "gnu++17";
				CLANG_CXX_LIBRARY = "libc++";
				CLANG_ENABLE_MODULES = YES;
				CLANG_ENABLE_OBJC_ARC = YES;
				CLANG_ENABLE_OBJC_WEAK = YES;
				CLANG_WARN_BLOCK_CAPTURE_AUTORELEASING = YES;
				CLANG_WARN_BOOL_CONVERSION = YES;
				CLANG_WARN_COMMA = YES;
				CLANG_WARN_CONSTANT_CONVERSION = YES;
				CLANG_WARN_DEPRECATED_OBJC_IMPLEMENTATIONS = YES;
				CLANG_WARN_DIRECT_OBJC_ISA_USAGE = YES_ERROR;
				CLANG_WARN_DOCUMENTATION_COMMENTS = YES;
				CLANG_WARN_EMPTY_BODY = YES;
				CLANG_WARN_ENUM_CONVERSION = YES;
				CLANG_WARN_INFINITE_RECURSION = YES;
				CLANG_WARN_INT_CONVERSION = YES;
				CLANG_WARN_NON_LITERAL_NULL_CONVERSION = YES;
				CLANG_WARN_OBJC_IMPLICIT_RETAIN_SELF = YES;
				CLANG_WARN_OBJC_LITERAL_CONVERSION = YES;
				CLANG_WARN_OBJC_ROOT_CLASS = YES_ERROR;
				CLANG_WARN_QUOTED_INCLUDE_IN_FRAMEWORK_HEADER = YES;
				CLANG_WARN_RANGE_LOOP_ANALYSIS = YES;
				CLANG_WARN_STRICT_PROTOTYPES = YES;
				CLANG_WARN_SUSPICIOUS_MOVE = YES;
				CLANG_WARN_UNGUARDED_AVAILABILITY = YES_AGGRESSIVE;
				CLANG_WARN_UNREACHABLE_CODE = YES;
				CLANG_WARN__DUPLICATE_METHOD_MATCH = YES;
				COPY_PHASE_STRIP = NO;
				DEBUG_INFORMATION_FORMAT = "dwarf-with-dsym";
				ENABLE_NS_ASSERTIONS = NO;
				ENABLE_STRICT_OBJC_MSGSEND = YES;
				GCC_C_LANGUAGE_STANDARD = gnu11;
				GCC_NO_COMMON_BLOCKS = YES;
				GCC_WARN_64_TO_32_BIT_CONVERSION = YES;
				GCC_WARN_ABOUT_RETURN_TYPE = YES_ERROR;
				GCC_WARN_UNDECLARED_SELECTOR = YES;
				GCC_WARN_UNINITIALIZED_AUTOS = YES_AGGRESSIVE;
				GCC_WARN_UNUSED_FUNCTION = YES;
				GCC_WARN_UNUSED_VARIABLE = YES;
				IPHONEOS_DEPLOYMENT_TARGET = 15.0;
				MTL_ENABLE_DEBUG_INFO = NO;
				MTL_FAST_MATH = YES;
				SDKROOT = iphoneos;
				SWIFT_COMPILATION_MODE = wholemodule;
				SWIFT_OPTIMIZATION_LEVEL = "-O";
				VALIDATE_PRODUCT = YES;
			};
			name = Release;
		};
		989CA77C27910D290043AB81 /* Debug */ = {
			isa = XCBuildConfiguration;
			buildSettings = {
				ASSETCATALOG_COMPILER_APPICON_NAME = AppIcon;
				ASSETCATALOG_COMPILER_GLOBAL_ACCENT_COLOR_NAME = AccentColor;
				CODE_SIGN_STYLE = Automatic;
				CURRENT_PROJECT_VERSION = 1;
				DEVELOPMENT_TEAM = HMMWHN78KV;
				GENERATE_INFOPLIST_FILE = YES;
				INFOPLIST_FILE = midasJayaTest/Info.plist;
				INFOPLIST_KEY_UIApplicationSupportsIndirectInputEvents = YES;
				INFOPLIST_KEY_UILaunchStoryboardName = LaunchScreen;
				INFOPLIST_KEY_UIMainStoryboardFile = Main;
				INFOPLIST_KEY_UISupportedInterfaceOrientations_iPad = "UIInterfaceOrientationPortrait UIInterfaceOrientationPortraitUpsideDown UIInterfaceOrientationLandscapeLeft UIInterfaceOrientationLandscapeRight";
				INFOPLIST_KEY_UISupportedInterfaceOrientations_iPhone = "UIInterfaceOrientationPortrait UIInterfaceOrientationLandscapeLeft UIInterfaceOrientationLandscapeRight";
				LD_RUNPATH_SEARCH_PATHS = (
					"$(inherited)",
					"@executable_path/Frameworks",
				);
				MARKETING_VERSION = 1.0;
				PRODUCT_BUNDLE_IDENTIFIER = Kane.midasJayaTest;
				PRODUCT_NAME = "$(TARGET_NAME)";
				SWIFT_EMIT_LOC_STRINGS = YES;
				SWIFT_VERSION = 5.0;
				TARGETED_DEVICE_FAMILY = "1,2";
			};
			name = Debug;
		};
		989CA77D27910D290043AB81 /* Release */ = {
			isa = XCBuildConfiguration;
			buildSettings = {
				ASSETCATALOG_COMPILER_APPICON_NAME = AppIcon;
				ASSETCATALOG_COMPILER_GLOBAL_ACCENT_COLOR_NAME = AccentColor;
				CODE_SIGN_STYLE = Automatic;
				CURRENT_PROJECT_VERSION = 1;
				DEVELOPMENT_TEAM = HMMWHN78KV;
				GENERATE_INFOPLIST_FILE = YES;
				INFOPLIST_FILE = midasJayaTest/Info.plist;
				INFOPLIST_KEY_UIApplicationSupportsIndirectInputEvents = YES;
				INFOPLIST_KEY_UILaunchStoryboardName = LaunchScreen;
				INFOPLIST_KEY_UIMainStoryboardFile = Main;
				INFOPLIST_KEY_UISupportedInterfaceOrientations_iPad = "UIInterfaceOrientationPortrait UIInterfaceOrientationPortraitUpsideDown UIInterfaceOrientationLandscapeLeft UIInterfaceOrientationLandscapeRight";
				INFOPLIST_KEY_UISupportedInterfaceOrientations_iPhone = "UIInterfaceOrientationPortrait UIInterfaceOrientationLandscapeLeft UIInterfaceOrientationLandscapeRight";
				LD_RUNPATH_SEARCH_PATHS = (
					"$(inherited)",
					"@executable_path/Frameworks",
				);
				MARKETING_VERSION = 1.0;
				PRODUCT_BUNDLE_IDENTIFIER = Kane.midasJayaTest;
				PRODUCT_NAME = "$(TARGET_NAME)";
				SWIFT_EMIT_LOC_STRINGS = YES;
				SWIFT_VERSION = 5.0;
				TARGETED_DEVICE_FAMILY = "1,2";
			};
			name = Release;
		};
/* End XCBuildConfiguration section */

/* Begin XCConfigurationList section */
		989CA76227910D270043AB81 /* Build configuration list for PBXProject "midasJayaTest" */ = {
			isa = XCConfigurationList;
			buildConfigurations = (
				989CA77927910D290043AB81 /* Debug */,
				989CA77A27910D290043AB81 /* Release */,
			);
			defaultConfigurationIsVisible = 0;
			defaultConfigurationName = Release;
		};
		989CA77B27910D290043AB81 /* Build configuration list for PBXNativeTarget "midasJayaTest" */ = {
			isa = XCConfigurationList;
			buildConfigurations = (
				989CA77C27910D290043AB81 /* Debug */,
				989CA77D27910D290043AB81 /* Release */,
			);
			defaultConfigurationIsVisible = 0;
			defaultConfigurationName = Release;
		};
/* End XCConfigurationList section */
	};
	rootObject = 989CA75F27910D270043AB81 /* Project object */;
}
